PODS:
  - ChameleonFramework/Default (2.1.0)
  - ChameleonFramework/Swift (2.1.0):
    - ChameleonFramework/Default
  - SwipeCellKit (2.7.1)

DEPENDENCIES:
  - ChameleonFramework/Swift
  - SwipeCellKit

SPEC REPOS:
  trunk:
    - ChameleonFramework
    - SwipeCellKit

SPEC CHECKSUMS:
  ChameleonFramework: d21a3cc247abfe5e37609a283a8238b03575cf64
  SwipeCellKit: 3972254a826da74609926daf59b08d6c72e619ea

PODFILE CHECKSUM: 000cf81b15206221f00477d07c2f7f1e28b3541f

COCOAPODS: 1.12.0
